
Microsoft Visual Studio Solution File, Format Version 12.00
# Visual Studio Version 17
VisualStudioVersion = 17.8.34227.203
MinimumVisualStudioVersion = 10.0.40219.1
Project("{9A19103F-16F7-4668-BE54-9A1E7A4F7556}") = "day01", "day01\day01.csproj", "{F2A04EE3-CFEF-4EC0-B0B1-290A531C13E5}"
EndProject
Project("{9A19103F-16F7-4668-BE54-9A1E7A4F7556}") = "day02", "day02\day02.csproj", "{B8619ED3-0F19-480F-9F0E-F28211CAA4E0}"
EndProject
Project("{9A19103F-16F7-4668-BE54-9A1E7A4F7556}") = "day06", "day06\day06.csproj", "{06FD4BF7-B413-4654-BA57-0C690D01C1FC}"
EndProject
Project("{9A19103F-16F7-4668-BE54-9A1E7A4F7556}") = "aoc.common", "aoc.common\aoc.common.csproj", "{FD35B2DE-DF42-4F72-BF5D-C567DA48CA47}"
EndProject
Project("{6EC3EE1D-3C4E-46DD-8F32-0CC8E7565705}") = "aoc.common.2022", "aoc.common.2022\aoc.common.2022.fsproj", "{D9257762-53AE-44D0-B06C-8D0736D47930}"
EndProject
Project("{9A19103F-16F7-4668-BE54-9A1E7A4F7556}") = "aoc.2023.tests", "aoc.2023.tests\aoc.2023.tests.csproj", "{DF70D76F-168C-4411-A8E1-AB2F7EE9CF69}"
EndProject
Project("{9A19103F-16F7-4668-BE54-9A1E7A4F7556}") = "day05", "day05\day05.csproj", "{34473A5C-8095-4A43-B099-421D8DA40F9A}"
EndProject
Project("{9A19103F-16F7-4668-BE54-9A1E7A4F7556}") = "day07", "day07\day07.csproj", "{8682CA8E-D12E-4FF2-8307-F2FCD2FF1ECC}"
EndProject
Project("{9A19103F-16F7-4668-BE54-9A1E7A4F7556}") = "day08", "day08\day08.csproj", "{B458CB35-4449-41DF-BC12-D41F01D14DA4}"
EndProject
Global
	GlobalSection(SolutionConfigurationPlatforms) = preSolution
		Debug|Any CPU = Debug|Any CPU
		Release|Any CPU = Release|Any CPU
	EndGlobalSection
	GlobalSection(ProjectConfigurationPlatforms) = postSolution
		{F2A04EE3-CFEF-4EC0-B0B1-290A531C13E5}.Debug|Any CPU.ActiveCfg = Debug|Any CPU
		{F2A04EE3-CFEF-4EC0-B0B1-290A531C13E5}.Debug|Any CPU.Build.0 = Debug|Any CPU
		{F2A04EE3-CFEF-4EC0-B0B1-290A531C13E5}.Release|Any CPU.ActiveCfg = Release|Any CPU
		{F2A04EE3-CFEF-4EC0-B0B1-290A531C13E5}.Release|Any CPU.Build.0 = Release|Any CPU
		{B8619ED3-0F19-480F-9F0E-F28211CAA4E0}.Debug|Any CPU.ActiveCfg = Debug|Any CPU
		{B8619ED3-0F19-480F-9F0E-F28211CAA4E0}.Debug|Any CPU.Build.0 = Debug|Any CPU
		{B8619ED3-0F19-480F-9F0E-F28211CAA4E0}.Release|Any CPU.ActiveCfg = Release|Any CPU
		{B8619ED3-0F19-480F-9F0E-F28211CAA4E0}.Release|Any CPU.Build.0 = Release|Any CPU
		{06FD4BF7-B413-4654-BA57-0C690D01C1FC}.Debug|Any CPU.ActiveCfg = Debug|Any CPU
		{06FD4BF7-B413-4654-BA57-0C690D01C1FC}.Debug|Any CPU.Build.0 = Debug|Any CPU
		{06FD4BF7-B413-4654-BA57-0C690D01C1FC}.Release|Any CPU.ActiveCfg = Release|Any CPU
		{06FD4BF7-B413-4654-BA57-0C690D01C1FC}.Release|Any CPU.Build.0 = Release|Any CPU
		{FD35B2DE-DF42-4F72-BF5D-C567DA48CA47}.Debug|Any CPU.ActiveCfg = Debug|Any CPU
		{FD35B2DE-DF42-4F72-BF5D-C567DA48CA47}.Debug|Any CPU.Build.0 = Debug|Any CPU
		{FD35B2DE-DF42-4F72-BF5D-C567DA48CA47}.Release|Any CPU.ActiveCfg = Release|Any CPU
		{FD35B2DE-DF42-4F72-BF5D-C567DA48CA47}.Release|Any CPU.Build.0 = Release|Any CPU
		{D9257762-53AE-44D0-B06C-8D0736D47930}.Debug|Any CPU.ActiveCfg = Debug|Any CPU
		{D9257762-53AE-44D0-B06C-8D0736D47930}.Debug|Any CPU.Build.0 = Debug|Any CPU
		{D9257762-53AE-44D0-B06C-8D0736D47930}.Release|Any CPU.ActiveCfg = Release|Any CPU
		{D9257762-53AE-44D0-B06C-8D0736D47930}.Release|Any CPU.Build.0 = Release|Any CPU
		{DF70D76F-168C-4411-A8E1-AB2F7EE9CF69}.Debug|Any CPU.ActiveCfg = Debug|Any CPU
		{DF70D76F-168C-4411-A8E1-AB2F7EE9CF69}.Debug|Any CPU.Build.0 = Debug|Any CPU
		{DF70D76F-168C-4411-A8E1-AB2F7EE9CF69}.Release|Any CPU.ActiveCfg = Release|Any CPU
		{DF70D76F-168C-4411-A8E1-AB2F7EE9CF69}.Release|Any CPU.Build.0 = Release|Any CPU
		{34473A5C-8095-4A43-B099-421D8DA40F9A}.Debug|Any CPU.ActiveCfg = Debug|Any CPU
		{34473A5C-8095-4A43-B099-421D8DA40F9A}.Debug|Any CPU.Build.0 = Debug|Any CPU
		{34473A5C-8095-4A43-B099-421D8DA40F9A}.Release|Any CPU.ActiveCfg = Release|Any CPU
		{34473A5C-8095-4A43-B099-421D8DA40F9A}.Release|Any CPU.Build.0 = Release|Any CPU
		{8682CA8E-D12E-4FF2-8307-F2FCD2FF1ECC}.Debug|Any CPU.ActiveCfg = Debug|Any CPU
		{8682CA8E-D12E-4FF2-8307-F2FCD2FF1ECC}.Debug|Any CPU.Build.0 = Debug|Any CPU
		{8682CA8E-D12E-4FF2-8307-F2FCD2FF1ECC}.Release|Any CPU.ActiveCfg = Release|Any CPU
		{8682CA8E-D12E-4FF2-8307-F2FCD2FF1ECC}.Release|Any CPU.Build.0 = Release|Any CPU
		{B458CB35-4449-41DF-BC12-D41F01D14DA4}.Debug|Any CPU.ActiveCfg = Debug|Any CPU
		{B458CB35-4449-41DF-BC12-D41F01D14DA4}.Debug|Any CPU.Build.0 = Debug|Any CPU
		{B458CB35-4449-41DF-BC12-D41F01D14DA4}.Release|Any CPU.ActiveCfg = Release|Any CPU
		{B458CB35-4449-41DF-BC12-D41F01D14DA4}.Release|Any CPU.Build.0 = Release|Any CPU
	EndGlobalSection
	GlobalSection(SolutionProperties) = preSolution
		HideSolutionNode = FALSE
	EndGlobalSection
	GlobalSection(ExtensibilityGlobals) = postSolution
		SolutionGuid = {490D62A4-6EDC-4C5B-ABE4-F185ADE58C83}
	EndGlobalSection
EndGlobal
